// !$*UTF8*$!
{
	archiveVersion = 1;
	classes = {
	};
	objectVersion = 51;
	objects = {

/* Begin PBXBuildFile section */
		465D82723094FF9256765A8C /* Pods_guestBook.framework in Frameworks */ = {isa = PBXBuildFile; fileRef = 9FB0D844AA0551D91DFEF5F6 /* Pods_guestBook.framework */; };
		4DE1A7692E097183D6E9A4C8 /* Pods_guestBook_guestBookUITests.framework in Frameworks */ = {isa = PBXBuildFile; fileRef = 3AA5201B5EAA1EF1D56470FF /* Pods_guestBook_guestBookUITests.framework */; };
		7A0425D19E6E0903CB6D2D10 /* Pods_guestBookTests.framework in Frameworks */ = {isa = PBXBuildFile; fileRef = 88C3A7464FBD829774DCCE33 /* Pods_guestBookTests.framework */; };
		C52C25EC255B7BCF0037825B /* GuestViewController.swift in Sources */ = {isa = PBXBuildFile; fileRef = C52C25EB255B7BCF0037825B /* GuestViewController.swift */; };
		C52C25F1255B7DCA0037825B /* Guest.swift in Sources */ = {isa = PBXBuildFile; fileRef = C52C25F0255B7DCA0037825B /* Guest.swift */; };
		C565EBA725711C36005E61AD /* RetualCollectionView.swift in Sources */ = {isa = PBXBuildFile; fileRef = C565EBA625711C36005E61AD /* RetualCollectionView.swift */; };
		E51FC57125C80169002F965E /* GoogleService-Info.plist in Resources */ = {isa = PBXBuildFile; fileRef = E51FC57025C80169002F965E /* GoogleService-Info.plist */; };
		E51FC58525C8081E002F965E /* GuestListTableView.swift in Sources */ = {isa = PBXBuildFile; fileRef = E51FC58425C8081E002F965E /* GuestListTableView.swift */; };
		E524B66325C6E3CE00497CD4 /* GuestControllAreaView.swift in Sources */ = {isa = PBXBuildFile; fileRef = E524B66225C6E3CE00497CD4 /* GuestControllAreaView.swift */; };
		E524B66E25C6EA6400497CD4 /* GuestListHeaderCell.swift in Sources */ = {isa = PBXBuildFile; fileRef = E524B66D25C6EA6400497CD4 /* GuestListHeaderCell.swift */; };
		E5296E8F26330DB90038646A /* UIView.swift in Sources */ = {isa = PBXBuildFile; fileRef = E5296E8E26330DB90038646A /* UIView.swift */; };
		E52A061725CAE48B007669CB /* EventListTests.swift in Sources */ = {isa = PBXBuildFile; fileRef = E52A061625CAE48B007669CB /* EventListTests.swift */; };
		E52AE904263508380001F372 /* EventInfoAreaView.swift in Sources */ = {isa = PBXBuildFile; fileRef = E52AE903263508380001F372 /* EventInfoAreaView.swift */; };
		E52B1E4126020AEB0016E985 /* GuestsDetailPageViewController.swift in Sources */ = {isa = PBXBuildFile; fileRef = E52B1E4026020AEB0016E985 /* GuestsDetailPageViewController.swift */; };
		E52B1E4D260215D60016E985 /* TextCell.swift in Sources */ = {isa = PBXBuildFile; fileRef = E52B1E4C260215D60016E985 /* TextCell.swift */; };
		E52B1E5226021F800016E985 /* GuestEditViewController.swift in Sources */ = {isa = PBXBuildFile; fileRef = E52B1E5126021F800016E985 /* GuestEditViewController.swift */; };
		E52C618925E7C6B4000A12C9 /* SelectGuests.swift in Sources */ = {isa = PBXBuildFile; fileRef = E52C618825E7C6B4000A12C9 /* SelectGuests.swift */; };
		E52C618E25E7C8F8000A12C9 /* AnalizeHandWrite.swift in Sources */ = {isa = PBXBuildFile; fileRef = E52C618D25E7C8F8000A12C9 /* AnalizeHandWrite.swift */; };
		E52F6642260A0A4900D83DC8 /* Common.swift in Sources */ = {isa = PBXBuildFile; fileRef = E52F6641260A0A4900D83DC8 /* Common.swift */; };
		E5377BA62642686100F42DDD /* SideMenuTableViewCell.swift in Sources */ = {isa = PBXBuildFile; fileRef = E5377BA52642686100F42DDD /* SideMenuTableViewCell.swift */; };
		E5377BAB2642999700F42DDD /* SideMenuPresentationController.swift in Sources */ = {isa = PBXBuildFile; fileRef = E5377BAA2642999700F42DDD /* SideMenuPresentationController.swift */; };
		E5377BB0264299C900F42DDD /* PrivacyPolicyViewController.swift in Sources */ = {isa = PBXBuildFile; fileRef = E5377BAF264299C900F42DDD /* PrivacyPolicyViewController.swift */; };
		E5377BB52642BC2D00F42DDD /* TermsOfUseViewController.swift in Sources */ = {isa = PBXBuildFile; fileRef = E5377BB42642BC2D00F42DDD /* TermsOfUseViewController.swift */; };
		E538FCEA25CC006900FA6AF2 /* EventMenuTests.swift in Sources */ = {isa = PBXBuildFile; fileRef = E538FCE925CC006900FA6AF2 /* EventMenuTests.swift */; };
		E538FCEF25CC049300FA6AF2 /* TestKeys.swift in Sources */ = {isa = PBXBuildFile; fileRef = E538FCEE25CC049300FA6AF2 /* TestKeys.swift */; };
		E538FCF425CC32AD00FA6AF2 /* GuestsPageViewTests.swift in Sources */ = {isa = PBXBuildFile; fileRef = E538FCF325CC32AD00FA6AF2 /* GuestsPageViewTests.swift */; };
		E53B69F725F4FEB40089102E /* Relation.swift in Sources */ = {isa = PBXBuildFile; fileRef = E53B69F625F4FEB40089102E /* Relation.swift */; };
		E53B69FC25F504B90089102E /* Group.swift in Sources */ = {isa = PBXBuildFile; fileRef = E53B69FB25F504B90089102E /* Group.swift */; };
		E540761126075162007A9F28 /* HeadlineAndTextFieldView.swift in Sources */ = {isa = PBXBuildFile; fileRef = E540761026075162007A9F28 /* HeadlineAndTextFieldView.swift */; };
		E543E15525E13086009C95D0 /* CloudVisionApiTest.swift in Sources */ = {isa = PBXBuildFile; fileRef = E543E15425E13086009C95D0 /* CloudVisionApiTest.swift */; };
		E546E2CC262C1CA70088157D /* CsvList.swift in Sources */ = {isa = PBXBuildFile; fileRef = E546E2CB262C1CA70088157D /* CsvList.swift */; };
		E57078C025D68FB800EE5CFE /* Keys.swift in Sources */ = {isa = PBXBuildFile; fileRef = E57078BF25D68FB800EE5CFE /* Keys.swift */; };
		E57078D525D6CB4C00EE5CFE /* GuestListViewTest.swift in Sources */ = {isa = PBXBuildFile; fileRef = E57078D425D6CB4C00EE5CFE /* GuestListViewTest.swift */; };
		E570A8CA25A5F8A1003C41BE /* GuestNameView.swift in Sources */ = {isa = PBXBuildFile; fileRef = E570A8C925A5F8A1003C41BE /* GuestNameView.swift */; };
		E57384C525A7173F00AFA4B5 /* CardHeaderView.swift in Sources */ = {isa = PBXBuildFile; fileRef = E57384C425A7173F00AFA4B5 /* CardHeaderView.swift */; };
		E57384D025A74ADF00AFA4B5 /* CardTitleView.swift in Sources */ = {isa = PBXBuildFile; fileRef = E57384CF25A74ADF00AFA4B5 /* CardTitleView.swift */; };
		E57384D525A74E9100AFA4B5 /* CompanyNameView.swift in Sources */ = {isa = PBXBuildFile; fileRef = E57384D425A74E9100AFA4B5 /* CompanyNameView.swift */; };
		E573F420254FD5630000C955 /* Event.swift in Sources */ = {isa = PBXBuildFile; fileRef = E573F41F254FD5630000C955 /* Event.swift */; };
		E573F425255047330000C955 /* EventNameCell.swift in Sources */ = {isa = PBXBuildFile; fileRef = E573F424255047330000C955 /* EventNameCell.swift */; };
		E573F42A25504A2B0000C955 /* NSObject.swift in Sources */ = {isa = PBXBuildFile; fileRef = E573F42925504A2B0000C955 /* NSObject.swift */; };
		E57444DC25694D2E001D4774 /* GuestListViewController.swift in Sources */ = {isa = PBXBuildFile; fileRef = E57444DB25694D2E001D4774 /* GuestListViewController.swift */; };
		E57444E125694EAE001D4774 /* GuestCell.swift in Sources */ = {isa = PBXBuildFile; fileRef = E57444E025694EAE001D4774 /* GuestCell.swift */; };
		E5767DAC26036A5F004F80B0 /* GuestDetailViewCell.swift in Sources */ = {isa = PBXBuildFile; fileRef = E5767DAB26036A5F004F80B0 /* GuestDetailViewCell.swift */; };
		E577604925737D0600DD2F81 /* SettingViewController.swift in Sources */ = {isa = PBXBuildFile; fileRef = E577604825737D0600DD2F81 /* SettingViewController.swift */; };
		E577B75A256BECA4007E6BFC /* LogInViewController.swift in Sources */ = {isa = PBXBuildFile; fileRef = E577B759256BECA4007E6BFC /* LogInViewController.swift */; };
		E586221125C17DA100291182 /* Constants.swift in Sources */ = {isa = PBXBuildFile; fileRef = E586221025C17DA100291182 /* Constants.swift */; };
		E586221625C1810400291182 /* Retual.swift in Sources */ = {isa = PBXBuildFile; fileRef = E586221525C1810400291182 /* Retual.swift */; };
		E59D9EEE254848F1000F7C45 /* AppDelegate.swift in Sources */ = {isa = PBXBuildFile; fileRef = E59D9EED254848F1000F7C45 /* AppDelegate.swift */; };
		E59D9EF0254848F1000F7C45 /* SceneDelegate.swift in Sources */ = {isa = PBXBuildFile; fileRef = E59D9EEF254848F1000F7C45 /* SceneDelegate.swift */; };
		E59D9EF2254848F1000F7C45 /* EventListViewController.swift in Sources */ = {isa = PBXBuildFile; fileRef = E59D9EF1254848F1000F7C45 /* EventListViewController.swift */; };
		E59D9EF7254848F3000F7C45 /* Assets.xcassets in Resources */ = {isa = PBXBuildFile; fileRef = E59D9EF6254848F3000F7C45 /* Assets.xcassets */; };
		E59D9EFA254848F3000F7C45 /* LaunchScreen.storyboard in Resources */ = {isa = PBXBuildFile; fileRef = E59D9EF8254848F3000F7C45 /* LaunchScreen.storyboard */; };
		E59D9F05254848F4000F7C45 /* guestBookTests.swift in Sources */ = {isa = PBXBuildFile; fileRef = E59D9F04254848F4000F7C45 /* guestBookTests.swift */; };
		E59D9F10254848F4000F7C45 /* guestBookUITests.swift in Sources */ = {isa = PBXBuildFile; fileRef = E59D9F0F254848F4000F7C45 /* guestBookUITests.swift */; };
		E59D9F3125484DE4000F7C45 /* Anchor.swift in Sources */ = {isa = PBXBuildFile; fileRef = E59D9F3025484DE4000F7C45 /* Anchor.swift */; };
		E5A660562619A549000C43C7 /* GuestDetailTableView.swift in Sources */ = {isa = PBXBuildFile; fileRef = E5A660552619A549000C43C7 /* GuestDetailTableView.swift */; };
		E5A672DA263AF1A300F81300 /* setting.png in Resources */ = {isa = PBXBuildFile; fileRef = E5A672D9263AF1A300F81300 /* setting.png */; };
		E5A672DF263AF74D00F81300 /* UIImage.swift in Sources */ = {isa = PBXBuildFile; fileRef = E5A672DE263AF74D00F81300 /* UIImage.swift */; };
		E5A67315263FC87300F81300 /* menu.png in Resources */ = {isa = PBXBuildFile; fileRef = E5A67314263FC87300F81300 /* menu.png */; };
		E5A6733D263FCE6200F81300 /* SideMenuViewController.swift in Sources */ = {isa = PBXBuildFile; fileRef = E5A6733C263FCE6200F81300 /* SideMenuViewController.swift */; };
		E5A6734926402B0C00F81300 /* SideMenuView.swift in Sources */ = {isa = PBXBuildFile; fileRef = E5A6734826402B0C00F81300 /* SideMenuView.swift */; };
		E5AE163F25B2CC7F00DBAE33 /* Canvas.swift in Sources */ = {isa = PBXBuildFile; fileRef = E5AE163E25B2CC7F00DBAE33 /* Canvas.swift */; };
		E5AE164425B2D3EF00DBAE33 /* DescriptionView.swift in Sources */ = {isa = PBXBuildFile; fileRef = E5AE164325B2D3EF00DBAE33 /* DescriptionView.swift */; };
		E5AFCC8A25AF04AF00E5274A /* AddressView.swift in Sources */ = {isa = PBXBuildFile; fileRef = E5AFCC8925AF04AF00E5274A /* AddressView.swift */; };
		E5B06534257C6D870010916C /* GuestDetailViewController.swift in Sources */ = {isa = PBXBuildFile; fileRef = E5B06533257C6D870010916C /* GuestDetailViewController.swift */; };
		E5B3C9122552B27400509757 /* GuestsPageViewController.swift in Sources */ = {isa = PBXBuildFile; fileRef = E5B3C9112552B27400509757 /* GuestsPageViewController.swift */; };
		E5B3C9322552BA9D00509757 /* EventMenuViewController.swift in Sources */ = {isa = PBXBuildFile; fileRef = E5B3C9312552BA9D00509757 /* EventMenuViewController.swift */; };
		E5B5ADAD25B3C7D9002E9384 /* GroupListView.swift in Sources */ = {isa = PBXBuildFile; fileRef = E5B5ADAC25B3C7D9002E9384 /* GroupListView.swift */; };
		E5B5ADB325B3C885002E9384 /* GroupCollectionView.swift in Sources */ = {isa = PBXBuildFile; fileRef = E5B5ADB225B3C885002E9384 /* GroupCollectionView.swift */; };
		E5B5ADB825B3C8B0002E9384 /* RelationCollectionView.swift in Sources */ = {isa = PBXBuildFile; fileRef = E5B5ADB725B3C8B0002E9384 /* RelationCollectionView.swift */; };
		E5B5ADBD25B3CCA3002E9384 /* SelectRelationView.swift in Sources */ = {isa = PBXBuildFile; fileRef = E5B5ADBC25B3CCA3002E9384 /* SelectRelationView.swift */; };
		E5B5ADC225B47289002E9384 /* SelectGroupView.swift in Sources */ = {isa = PBXBuildFile; fileRef = E5B5ADC125B47289002E9384 /* SelectGroupView.swift */; };
		E5CB0E7225721A3E0087193F /* CheckBoxCell.swift in Sources */ = {isa = PBXBuildFile; fileRef = E5CB0E7125721A3E0087193F /* CheckBoxCell.swift */; };
/* End PBXBuildFile section */

/* Begin PBXContainerItemProxy section */
		E59D9F01254848F4000F7C45 /* PBXContainerItemProxy */ = {
			isa = PBXContainerItemProxy;
			containerPortal = E59D9EE2254848F1000F7C45 /* Project object */;
			proxyType = 1;
			remoteGlobalIDString = E59D9EE9254848F1000F7C45;
			remoteInfo = guestBook;
		};
		E59D9F0C254848F4000F7C45 /* PBXContainerItemProxy */ = {
			isa = PBXContainerItemProxy;
			containerPortal = E59D9EE2254848F1000F7C45 /* Project object */;
			proxyType = 1;
			remoteGlobalIDString = E59D9EE9254848F1000F7C45;
			remoteInfo = guestBook;
		};
/* End PBXContainerItemProxy section */

/* Begin PBXFileReference section */
		22C9AC4E3F955C234D8E70AC /* Pods-guestBookTests.debug.xcconfig */ = {isa = PBXFileReference; includeInIndex = 1; lastKnownFileType = text.xcconfig; name = "Pods-guestBookTests.debug.xcconfig"; path = "Target Support Files/Pods-guestBookTests/Pods-guestBookTests.debug.xcconfig"; sourceTree = "<group>"; };
		2B9F29C477249DB5D7AF52E0 /* Pods-guestBookTests.release.xcconfig */ = {isa = PBXFileReference; includeInIndex = 1; lastKnownFileType = text.xcconfig; name = "Pods-guestBookTests.release.xcconfig"; path = "Target Support Files/Pods-guestBookTests/Pods-guestBookTests.release.xcconfig"; sourceTree = "<group>"; };
		3AA5201B5EAA1EF1D56470FF /* Pods_guestBook_guestBookUITests.framework */ = {isa = PBXFileReference; explicitFileType = wrapper.framework; includeInIndex = 0; path = Pods_guestBook_guestBookUITests.framework; sourceTree = BUILT_PRODUCTS_DIR; };
		7A8FB2802E9F95C5E1D62104 /* Pods-guestBook.release.xcconfig */ = {isa = PBXFileReference; includeInIndex = 1; lastKnownFileType = text.xcconfig; name = "Pods-guestBook.release.xcconfig"; path = "Target Support Files/Pods-guestBook/Pods-guestBook.release.xcconfig"; sourceTree = "<group>"; };
		7B459FC541B8A667CDE17CA8 /* Pods-guestBook-guestBookUITests.debug.xcconfig */ = {isa = PBXFileReference; includeInIndex = 1; lastKnownFileType = text.xcconfig; name = "Pods-guestBook-guestBookUITests.debug.xcconfig"; path = "Target Support Files/Pods-guestBook-guestBookUITests/Pods-guestBook-guestBookUITests.debug.xcconfig"; sourceTree = "<group>"; };
		88C3A7464FBD829774DCCE33 /* Pods_guestBookTests.framework */ = {isa = PBXFileReference; explicitFileType = wrapper.framework; includeInIndex = 0; path = Pods_guestBookTests.framework; sourceTree = BUILT_PRODUCTS_DIR; };
		9FB0D844AA0551D91DFEF5F6 /* Pods_guestBook.framework */ = {isa = PBXFileReference; explicitFileType = wrapper.framework; includeInIndex = 0; path = Pods_guestBook.framework; sourceTree = BUILT_PRODUCTS_DIR; };
		C52C25EB255B7BCF0037825B /* GuestViewController.swift */ = {isa = PBXFileReference; lastKnownFileType = sourcecode.swift; path = GuestViewController.swift; sourceTree = "<group>"; };
		C52C25F0255B7DCA0037825B /* Guest.swift */ = {isa = PBXFileReference; lastKnownFileType = sourcecode.swift; path = Guest.swift; sourceTree = "<group>"; };
		C565EBA625711C36005E61AD /* RetualCollectionView.swift */ = {isa = PBXFileReference; lastKnownFileType = sourcecode.swift; path = RetualCollectionView.swift; sourceTree = "<group>"; };
		DCC3CACB06962AB4CBD1771A /* Pods-guestBook.debug.xcconfig */ = {isa = PBXFileReference; includeInIndex = 1; lastKnownFileType = text.xcconfig; name = "Pods-guestBook.debug.xcconfig"; path = "Target Support Files/Pods-guestBook/Pods-guestBook.debug.xcconfig"; sourceTree = "<group>"; };
		DFDF1D7CBCA4692B2C07A5A7 /* Pods-guestBook-guestBookUITests.release.xcconfig */ = {isa = PBXFileReference; includeInIndex = 1; lastKnownFileType = text.xcconfig; name = "Pods-guestBook-guestBookUITests.release.xcconfig"; path = "Target Support Files/Pods-guestBook-guestBookUITests/Pods-guestBook-guestBookUITests.release.xcconfig"; sourceTree = "<group>"; };
		E51FC57025C80169002F965E /* GoogleService-Info.plist */ = {isa = PBXFileReference; fileEncoding = 4; lastKnownFileType = text.plist.xml; name = "GoogleService-Info.plist"; path = "../../../../Downloads/GoogleService-Info.plist"; sourceTree = "<group>"; };
		E51FC58425C8081E002F965E /* GuestListTableView.swift */ = {isa = PBXFileReference; lastKnownFileType = sourcecode.swift; path = GuestListTableView.swift; sourceTree = "<group>"; };
		E524B66225C6E3CE00497CD4 /* GuestControllAreaView.swift */ = {isa = PBXFileReference; lastKnownFileType = sourcecode.swift; path = GuestControllAreaView.swift; sourceTree = "<group>"; };
		E524B66D25C6EA6400497CD4 /* GuestListHeaderCell.swift */ = {isa = PBXFileReference; lastKnownFileType = sourcecode.swift; path = GuestListHeaderCell.swift; sourceTree = "<group>"; };
		E5296E8E26330DB90038646A /* UIView.swift */ = {isa = PBXFileReference; lastKnownFileType = sourcecode.swift; path = UIView.swift; sourceTree = "<group>"; };
		E52A061625CAE48B007669CB /* EventListTests.swift */ = {isa = PBXFileReference; lastKnownFileType = sourcecode.swift; path = EventListTests.swift; sourceTree = "<group>"; };
		E52AE903263508380001F372 /* EventInfoAreaView.swift */ = {isa = PBXFileReference; lastKnownFileType = sourcecode.swift; path = EventInfoAreaView.swift; sourceTree = "<group>"; };
		E52B1E4026020AEB0016E985 /* GuestsDetailPageViewController.swift */ = {isa = PBXFileReference; lastKnownFileType = sourcecode.swift; path = GuestsDetailPageViewController.swift; sourceTree = "<group>"; };
		E52B1E4C260215D60016E985 /* TextCell.swift */ = {isa = PBXFileReference; lastKnownFileType = sourcecode.swift; path = TextCell.swift; sourceTree = "<group>"; };
		E52B1E5126021F800016E985 /* GuestEditViewController.swift */ = {isa = PBXFileReference; lastKnownFileType = sourcecode.swift; path = GuestEditViewController.swift; sourceTree = "<group>"; };
		E52C618825E7C6B4000A12C9 /* SelectGuests.swift */ = {isa = PBXFileReference; lastKnownFileType = sourcecode.swift; path = SelectGuests.swift; sourceTree = "<group>"; };
		E52C618D25E7C8F8000A12C9 /* AnalizeHandWrite.swift */ = {isa = PBXFileReference; lastKnownFileType = sourcecode.swift; path = AnalizeHandWrite.swift; sourceTree = "<group>"; };
		E52F6641260A0A4900D83DC8 /* Common.swift */ = {isa = PBXFileReference; lastKnownFileType = sourcecode.swift; path = Common.swift; sourceTree = "<group>"; };
		E5377BA52642686100F42DDD /* SideMenuTableViewCell.swift */ = {isa = PBXFileReference; lastKnownFileType = sourcecode.swift; path = SideMenuTableViewCell.swift; sourceTree = "<group>"; };
		E5377BAA2642999700F42DDD /* SideMenuPresentationController.swift */ = {isa = PBXFileReference; lastKnownFileType = sourcecode.swift; path = SideMenuPresentationController.swift; sourceTree = "<group>"; };
		E5377BAF264299C900F42DDD /* PrivacyPolicyViewController.swift */ = {isa = PBXFileReference; lastKnownFileType = sourcecode.swift; path = PrivacyPolicyViewController.swift; sourceTree = "<group>"; };
		E5377BB42642BC2D00F42DDD /* TermsOfUseViewController.swift */ = {isa = PBXFileReference; lastKnownFileType = sourcecode.swift; path = TermsOfUseViewController.swift; sourceTree = "<group>"; };
		E538FCE925CC006900FA6AF2 /* EventMenuTests.swift */ = {isa = PBXFileReference; lastKnownFileType = sourcecode.swift; path = EventMenuTests.swift; sourceTree = "<group>"; };
		E538FCEE25CC049300FA6AF2 /* TestKeys.swift */ = {isa = PBXFileReference; lastKnownFileType = sourcecode.swift; path = TestKeys.swift; sourceTree = "<group>"; };
		E538FCF325CC32AD00FA6AF2 /* GuestsPageViewTests.swift */ = {isa = PBXFileReference; lastKnownFileType = sourcecode.swift; path = GuestsPageViewTests.swift; sourceTree = "<group>"; };
		E53B69F625F4FEB40089102E /* Relation.swift */ = {isa = PBXFileReference; lastKnownFileType = sourcecode.swift; path = Relation.swift; sourceTree = "<group>"; };
		E53B69FB25F504B90089102E /* Group.swift */ = {isa = PBXFileReference; lastKnownFileType = sourcecode.swift; path = Group.swift; sourceTree = "<group>"; };
		E540761026075162007A9F28 /* HeadlineAndTextFieldView.swift */ = {isa = PBXFileReference; lastKnownFileType = sourcecode.swift; path = HeadlineAndTextFieldView.swift; sourceTree = "<group>"; };
		E543E15425E13086009C95D0 /* CloudVisionApiTest.swift */ = {isa = PBXFileReference; lastKnownFileType = sourcecode.swift; path = CloudVisionApiTest.swift; sourceTree = "<group>"; };
		E546E2CB262C1CA70088157D /* CsvList.swift */ = {isa = PBXFileReference; lastKnownFileType = sourcecode.swift; path = CsvList.swift; sourceTree = "<group>"; };
		E57078BF25D68FB800EE5CFE /* Keys.swift */ = {isa = PBXFileReference; fileEncoding = 4; lastKnownFileType = sourcecode.swift; path = Keys.swift; sourceTree = "<group>"; };
		E57078D425D6CB4C00EE5CFE /* GuestListViewTest.swift */ = {isa = PBXFileReference; lastKnownFileType = sourcecode.swift; path = GuestListViewTest.swift; sourceTree = "<group>"; };
		E570A8C925A5F8A1003C41BE /* GuestNameView.swift */ = {isa = PBXFileReference; lastKnownFileType = sourcecode.swift; path = GuestNameView.swift; sourceTree = "<group>"; };
		E57384C425A7173F00AFA4B5 /* CardHeaderView.swift */ = {isa = PBXFileReference; lastKnownFileType = sourcecode.swift; path = CardHeaderView.swift; sourceTree = "<group>"; };
		E57384CF25A74ADF00AFA4B5 /* CardTitleView.swift */ = {isa = PBXFileReference; lastKnownFileType = sourcecode.swift; path = CardTitleView.swift; sourceTree = "<group>"; };
		E57384D425A74E9100AFA4B5 /* CompanyNameView.swift */ = {isa = PBXFileReference; lastKnownFileType = sourcecode.swift; path = CompanyNameView.swift; sourceTree = "<group>"; };
		E573F41F254FD5630000C955 /* Event.swift */ = {isa = PBXFileReference; lastKnownFileType = sourcecode.swift; path = Event.swift; sourceTree = "<group>"; };
		E573F424255047330000C955 /* EventNameCell.swift */ = {isa = PBXFileReference; lastKnownFileType = sourcecode.swift; path = EventNameCell.swift; sourceTree = "<group>"; };
		E573F42925504A2B0000C955 /* NSObject.swift */ = {isa = PBXFileReference; lastKnownFileType = sourcecode.swift; path = NSObject.swift; sourceTree = "<group>"; };
		E57444DB25694D2E001D4774 /* GuestListViewController.swift */ = {isa = PBXFileReference; lastKnownFileType = sourcecode.swift; path = GuestListViewController.swift; sourceTree = "<group>"; };
		E57444E025694EAE001D4774 /* GuestCell.swift */ = {isa = PBXFileReference; lastKnownFileType = sourcecode.swift; path = GuestCell.swift; sourceTree = "<group>"; };
		E5767DAB26036A5F004F80B0 /* GuestDetailViewCell.swift */ = {isa = PBXFileReference; lastKnownFileType = sourcecode.swift; path = GuestDetailViewCell.swift; sourceTree = "<group>"; };
		E577604825737D0600DD2F81 /* SettingViewController.swift */ = {isa = PBXFileReference; lastKnownFileType = sourcecode.swift; path = SettingViewController.swift; sourceTree = "<group>"; };
		E577B759256BECA4007E6BFC /* LogInViewController.swift */ = {isa = PBXFileReference; lastKnownFileType = sourcecode.swift; path = LogInViewController.swift; sourceTree = "<group>"; };
		E57C925125F3C3B400B7CC69 /* guestBook.entitlements */ = {isa = PBXFileReference; lastKnownFileType = text.plist.entitlements; path = guestBook.entitlements; sourceTree = "<group>"; };
		E586221025C17DA100291182 /* Constants.swift */ = {isa = PBXFileReference; lastKnownFileType = sourcecode.swift; path = Constants.swift; sourceTree = "<group>"; };
		E586221525C1810400291182 /* Retual.swift */ = {isa = PBXFileReference; lastKnownFileType = sourcecode.swift; path = Retual.swift; sourceTree = "<group>"; };
		E59D9EEA254848F1000F7C45 /* guestBook.app */ = {isa = PBXFileReference; explicitFileType = wrapper.application; includeInIndex = 0; path = guestBook.app; sourceTree = BUILT_PRODUCTS_DIR; };
		E59D9EED254848F1000F7C45 /* AppDelegate.swift */ = {isa = PBXFileReference; lastKnownFileType = sourcecode.swift; path = AppDelegate.swift; sourceTree = "<group>"; };
		E59D9EEF254848F1000F7C45 /* SceneDelegate.swift */ = {isa = PBXFileReference; lastKnownFileType = sourcecode.swift; path = SceneDelegate.swift; sourceTree = "<group>"; };
		E59D9EF1254848F1000F7C45 /* EventListViewController.swift */ = {isa = PBXFileReference; lastKnownFileType = sourcecode.swift; path = EventListViewController.swift; sourceTree = "<group>"; };
		E59D9EF6254848F3000F7C45 /* Assets.xcassets */ = {isa = PBXFileReference; lastKnownFileType = folder.assetcatalog; path = Assets.xcassets; sourceTree = "<group>"; };
		E59D9EF9254848F3000F7C45 /* Base */ = {isa = PBXFileReference; lastKnownFileType = file.storyboard; name = Base; path = Base.lproj/LaunchScreen.storyboard; sourceTree = "<group>"; };
		E59D9EFB254848F3000F7C45 /* Info.plist */ = {isa = PBXFileReference; lastKnownFileType = text.plist.xml; path = Info.plist; sourceTree = "<group>"; };
		E59D9F00254848F4000F7C45 /* guestBookTests.xctest */ = {isa = PBXFileReference; explicitFileType = wrapper.cfbundle; includeInIndex = 0; path = guestBookTests.xctest; sourceTree = BUILT_PRODUCTS_DIR; };
		E59D9F04254848F4000F7C45 /* guestBookTests.swift */ = {isa = PBXFileReference; lastKnownFileType = sourcecode.swift; path = guestBookTests.swift; sourceTree = "<group>"; };
		E59D9F06254848F4000F7C45 /* Info.plist */ = {isa = PBXFileReference; lastKnownFileType = text.plist.xml; path = Info.plist; sourceTree = "<group>"; };
		E59D9F0B254848F4000F7C45 /* guestBookUITests.xctest */ = {isa = PBXFileReference; explicitFileType = wrapper.cfbundle; includeInIndex = 0; path = guestBookUITests.xctest; sourceTree = BUILT_PRODUCTS_DIR; };
		E59D9F0F254848F4000F7C45 /* guestBookUITests.swift */ = {isa = PBXFileReference; lastKnownFileType = sourcecode.swift; path = guestBookUITests.swift; sourceTree = "<group>"; };
		E59D9F11254848F4000F7C45 /* Info.plist */ = {isa = PBXFileReference; lastKnownFileType = text.plist.xml; path = Info.plist; sourceTree = "<group>"; };
		E59D9F3025484DE4000F7C45 /* Anchor.swift */ = {isa = PBXFileReference; lastKnownFileType = sourcecode.swift; path = Anchor.swift; sourceTree = "<group>"; };
		E5A660552619A549000C43C7 /* GuestDetailTableView.swift */ = {isa = PBXFileReference; lastKnownFileType = sourcecode.swift; path = GuestDetailTableView.swift; sourceTree = "<group>"; };
		E5A672D9263AF1A300F81300 /* setting.png */ = {isa = PBXFileReference; lastKnownFileType = image.png; path = setting.png; sourceTree = "<group>"; };
		E5A672DE263AF74D00F81300 /* UIImage.swift */ = {isa = PBXFileReference; lastKnownFileType = sourcecode.swift; path = UIImage.swift; sourceTree = "<group>"; };
		E5A67314263FC87300F81300 /* menu.png */ = {isa = PBXFileReference; lastKnownFileType = image.png; path = menu.png; sourceTree = "<group>"; };
		E5A6733C263FCE6200F81300 /* SideMenuViewController.swift */ = {isa = PBXFileReference; lastKnownFileType = sourcecode.swift; path = SideMenuViewController.swift; sourceTree = "<group>"; };
		E5A6734826402B0C00F81300 /* SideMenuView.swift */ = {isa = PBXFileReference; lastKnownFileType = sourcecode.swift; path = SideMenuView.swift; sourceTree = "<group>"; };
		E5AE163E25B2CC7F00DBAE33 /* Canvas.swift */ = {isa = PBXFileReference; lastKnownFileType = sourcecode.swift; path = Canvas.swift; sourceTree = "<group>"; };
		E5AE164325B2D3EF00DBAE33 /* DescriptionView.swift */ = {isa = PBXFileReference; lastKnownFileType = sourcecode.swift; path = DescriptionView.swift; sourceTree = "<group>"; };
		E5AFCC8925AF04AF00E5274A /* AddressView.swift */ = {isa = PBXFileReference; lastKnownFileType = sourcecode.swift; path = AddressView.swift; sourceTree = "<group>"; };
		E5B06533257C6D870010916C /* GuestDetailViewController.swift */ = {isa = PBXFileReference; lastKnownFileType = sourcecode.swift; path = GuestDetailViewController.swift; sourceTree = "<group>"; };
		E5B3C9112552B27400509757 /* GuestsPageViewController.swift */ = {isa = PBXFileReference; lastKnownFileType = sourcecode.swift; path = GuestsPageViewController.swift; sourceTree = "<group>"; };
		E5B3C9312552BA9D00509757 /* EventMenuViewController.swift */ = {isa = PBXFileReference; lastKnownFileType = sourcecode.swift; path = EventMenuViewController.swift; sourceTree = "<group>"; };
		E5B5ADAC25B3C7D9002E9384 /* GroupListView.swift */ = {isa = PBXFileReference; lastKnownFileType = sourcecode.swift; path = GroupListView.swift; sourceTree = "<group>"; };
		E5B5ADB225B3C885002E9384 /* GroupCollectionView.swift */ = {isa = PBXFileReference; lastKnownFileType = sourcecode.swift; path = GroupCollectionView.swift; sourceTree = "<group>"; };
		E5B5ADB725B3C8B0002E9384 /* RelationCollectionView.swift */ = {isa = PBXFileReference; lastKnownFileType = sourcecode.swift; path = RelationCollectionView.swift; sourceTree = "<group>"; };
		E5B5ADBC25B3CCA3002E9384 /* SelectRelationView.swift */ = {isa = PBXFileReference; lastKnownFileType = sourcecode.swift; path = SelectRelationView.swift; sourceTree = "<group>"; };
		E5B5ADC125B47289002E9384 /* SelectGroupView.swift */ = {isa = PBXFileReference; lastKnownFileType = sourcecode.swift; path = SelectGroupView.swift; sourceTree = "<group>"; };
		E5CB0E7125721A3E0087193F /* CheckBoxCell.swift */ = {isa = PBXFileReference; lastKnownFileType = sourcecode.swift; path = CheckBoxCell.swift; sourceTree = "<group>"; };
/* End PBXFileReference section */

/* Begin PBXFrameworksBuildPhase section */
		E59D9EE7254848F1000F7C45 /* Frameworks */ = {
			isa = PBXFrameworksBuildPhase;
			buildActionMask = 2147483647;
			files = (
				465D82723094FF9256765A8C /* Pods_guestBook.framework in Frameworks */,
			);
			runOnlyForDeploymentPostprocessing = 0;
		};
		E59D9EFD254848F4000F7C45 /* Frameworks */ = {
			isa = PBXFrameworksBuildPhase;
			buildActionMask = 2147483647;
			files = (
				7A0425D19E6E0903CB6D2D10 /* Pods_guestBookTests.framework in Frameworks */,
			);
			runOnlyForDeploymentPostprocessing = 0;
		};
		E59D9F08254848F4000F7C45 /* Frameworks */ = {
			isa = PBXFrameworksBuildPhase;
			buildActionMask = 2147483647;
			files = (
				4DE1A7692E097183D6E9A4C8 /* Pods_guestBook_guestBookUITests.framework in Frameworks */,
			);
			runOnlyForDeploymentPostprocessing = 0;
		};
/* End PBXFrameworksBuildPhase section */

/* Begin PBXGroup section */
		85BFC231A9A8C2B433429615 /* Pods */ = {
			isa = PBXGroup;
			children = (
				DCC3CACB06962AB4CBD1771A /* Pods-guestBook.debug.xcconfig */,
				7A8FB2802E9F95C5E1D62104 /* Pods-guestBook.release.xcconfig */,
				7B459FC541B8A667CDE17CA8 /* Pods-guestBook-guestBookUITests.debug.xcconfig */,
				DFDF1D7CBCA4692B2C07A5A7 /* Pods-guestBook-guestBookUITests.release.xcconfig */,
				22C9AC4E3F955C234D8E70AC /* Pods-guestBookTests.debug.xcconfig */,
				2B9F29C477249DB5D7AF52E0 /* Pods-guestBookTests.release.xcconfig */,
			);
			path = Pods;
			sourceTree = "<group>";
		};
		D202143F3ED72ABC303DD93A /* Frameworks */ = {
			isa = PBXGroup;
			children = (
				9FB0D844AA0551D91DFEF5F6 /* Pods_guestBook.framework */,
				3AA5201B5EAA1EF1D56470FF /* Pods_guestBook_guestBookUITests.framework */,
				88C3A7464FBD829774DCCE33 /* Pods_guestBookTests.framework */,
			);
			name = Frameworks;
			sourceTree = "<group>";
		};
		E5268A8E25D2AB6200325739 /* Structures */ = {
			isa = PBXGroup;
			children = (
				E586221025C17DA100291182 /* Constants.swift */,
				E57078BF25D68FB800EE5CFE /* Keys.swift */,
			);
			path = Structures;
			sourceTree = "<group>";
		};
		E528D38325FF76B800736117 /* GuestDetail */ = {
			isa = PBXGroup;
			children = (
				E5767DAB26036A5F004F80B0 /* GuestDetailViewCell.swift */,
				E540761026075162007A9F28 /* HeadlineAndTextFieldView.swift */,
				E5A660552619A549000C43C7 /* GuestDetailTableView.swift */,
			);
			path = GuestDetail;
			sourceTree = "<group>";
		};
		E52A061E25CAEA69007669CB /* EventList */ = {
			isa = PBXGroup;
			children = (
				E573F424255047330000C955 /* EventNameCell.swift */,
			);
			path = EventList;
			sourceTree = "<group>";
		};
		E52A061F25CAEA74007669CB /* GuestCard */ = {
			isa = PBXGroup;
			children = (
				E5AFCC8925AF04AF00E5274A /* AddressView.swift */,
				E57384C425A7173F00AFA4B5 /* CardHeaderView.swift */,
				E57384CF25A74ADF00AFA4B5 /* CardTitleView.swift */,
				E5CB0E7125721A3E0087193F /* CheckBoxCell.swift */,
				E57384D425A74E9100AFA4B5 /* CompanyNameView.swift */,
				E5AE164325B2D3EF00DBAE33 /* DescriptionView.swift */,
				E5B5ADB225B3C885002E9384 /* GroupCollectionView.swift */,
				E5B5ADAC25B3C7D9002E9384 /* GroupListView.swift */,
				E570A8C925A5F8A1003C41BE /* GuestNameView.swift */,
				E5B5ADB725B3C8B0002E9384 /* RelationCollectionView.swift */,
				C565EBA625711C36005E61AD /* RetualCollectionView.swift */,
				E5B5ADC125B47289002E9384 /* SelectGroupView.swift */,
				E5B5ADBC25B3CCA3002E9384 /* SelectRelationView.swift */,
			);
			path = GuestCard;
			sourceTree = "<group>";
		};
		E52A062025CAEA87007669CB /* GuestList */ = {
			isa = PBXGroup;
			children = (
				E57444E025694EAE001D4774 /* GuestCell.swift */,
				E524B66D25C6EA6400497CD4 /* GuestListHeaderCell.swift */,
				E51FC58425C8081E002F965E /* GuestListTableView.swift */,
				E524B66225C6E3CE00497CD4 /* GuestControllAreaView.swift */,
				E546E2CB262C1CA70088157D /* CsvList.swift */,
			);
			path = GuestList;
			sourceTree = "<group>";
		};
		E52AE902263508200001F372 /* EventMenu */ = {
			isa = PBXGroup;
			children = (
				E52AE903263508380001F372 /* EventInfoAreaView.swift */,
			);
			path = EventMenu;
			sourceTree = "<group>";
		};
		E52F6640260A0A3100D83DC8 /* Common */ = {
			isa = PBXGroup;
			children = (
				E52F6641260A0A4900D83DC8 /* Common.swift */,
			);
			path = Common;
			sourceTree = "<group>";
		};
		E540760F26075072007A9F28 /* Components */ = {
			isa = PBXGroup;
			children = (
				E52B1E4C260215D60016E985 /* TextCell.swift */,
			);
			path = Components;
			sourceTree = "<group>";
		};
		E56E1853254D664200205FCE /* Controller */ = {
			isa = PBXGroup;
			children = (
				E59D9EF1254848F1000F7C45 /* EventListViewController.swift */,
				E5B3C9312552BA9D00509757 /* EventMenuViewController.swift */,
				C52C25EB255B7BCF0037825B /* GuestViewController.swift */,
				E5B06533257C6D870010916C /* GuestDetailViewController.swift */,
				E52B1E4026020AEB0016E985 /* GuestsDetailPageViewController.swift */,
				E52B1E5126021F800016E985 /* GuestEditViewController.swift */,
				E5B3C9112552B27400509757 /* GuestsPageViewController.swift */,
				E57444DB25694D2E001D4774 /* GuestListViewController.swift */,
				E577B759256BECA4007E6BFC /* LogInViewController.swift */,
				E5377BAF264299C900F42DDD /* PrivacyPolicyViewController.swift */,
				E577604825737D0600DD2F81 /* SettingViewController.swift */,
				E5377BAA2642999700F42DDD /* SideMenuPresentationController.swift */,
				E5A6733C263FCE6200F81300 /* SideMenuViewController.swift */,
				E5377BB42642BC2D00F42DDD /* TermsOfUseViewController.swift */,
			);
			path = Controller;
			sourceTree = "<group>";
		};
		E56E1854254D665400205FCE /* Model */ = {
			isa = PBXGroup;
			children = (
				E573F41F254FD5630000C955 /* Event.swift */,
				C52C25F0255B7DCA0037825B /* Guest.swift */,
				E586221525C1810400291182 /* Retual.swift */,
				E52C618825E7C6B4000A12C9 /* SelectGuests.swift */,
				E52C618D25E7C8F8000A12C9 /* AnalizeHandWrite.swift */,
				E53B69F625F4FEB40089102E /* Relation.swift */,
				E53B69FB25F504B90089102E /* Group.swift */,
			);
			path = Model;
			sourceTree = "<group>";
		};
		E56E1855254D665D00205FCE /* View */ = {
			isa = PBXGroup;
			children = (
				E5A67341263FD86F00F81300 /* SideMenu */,
				E5A672D8263AF18500F81300 /* Images */,
				E52AE902263508200001F372 /* EventMenu */,
				E528D38325FF76B800736117 /* GuestDetail */,
				E52A062025CAEA87007669CB /* GuestList */,
				E52A061F25CAEA74007669CB /* GuestCard */,
				E52A061E25CAEA69007669CB /* EventList */,
			);
			path = View;
			sourceTree = "<group>";
		};
		E59D9EE1254848F1000F7C45 = {
			isa = PBXGroup;
			children = (
				E59D9EEC254848F1000F7C45 /* guestBook */,
				E59D9F03254848F4000F7C45 /* guestBookTests */,
				E59D9F0E254848F4000F7C45 /* guestBookUITests */,
				E59D9EEB254848F1000F7C45 /* Products */,
				85BFC231A9A8C2B433429615 /* Pods */,
				D202143F3ED72ABC303DD93A /* Frameworks */,
			);
			sourceTree = "<group>";
		};
		E59D9EEB254848F1000F7C45 /* Products */ = {
			isa = PBXGroup;
			children = (
				E59D9EEA254848F1000F7C45 /* guestBook.app */,
				E59D9F00254848F4000F7C45 /* guestBookTests.xctest */,
				E59D9F0B254848F4000F7C45 /* guestBookUITests.xctest */,
			);
			name = Products;
			sourceTree = "<group>";
		};
		E59D9EEC254848F1000F7C45 /* guestBook */ = {
			isa = PBXGroup;
			children = (
				E57C925125F3C3B400B7CC69 /* guestBook.entitlements */,
				E52F6640260A0A3100D83DC8 /* Common */,
				E56E1854254D665400205FCE /* Model */,
				E56E1855254D665D00205FCE /* View */,
				E56E1853254D664200205FCE /* Controller */,
				E540760F26075072007A9F28 /* Components */,
				E59D9F2F25484DC4000F7C45 /* Extensions */,
				E5268A8E25D2AB6200325739 /* Structures */,
				E59D9EED254848F1000F7C45 /* AppDelegate.swift */,
				E59D9EEF254848F1000F7C45 /* SceneDelegate.swift */,
				E59D9EF6254848F3000F7C45 /* Assets.xcassets */,
				E59D9EF8254848F3000F7C45 /* LaunchScreen.storyboard */,
				E59D9EFB254848F3000F7C45 /* Info.plist */,
				E51FC57025C80169002F965E /* GoogleService-Info.plist */,
			);
			path = guestBook;
			sourceTree = "<group>";
		};
		E59D9F03254848F4000F7C45 /* guestBookTests */ = {
			isa = PBXGroup;
			children = (
				E59D9F04254848F4000F7C45 /* guestBookTests.swift */,
				E59D9F06254848F4000F7C45 /* Info.plist */,
				E52A061625CAE48B007669CB /* EventListTests.swift */,
				E538FCE925CC006900FA6AF2 /* EventMenuTests.swift */,
				E538FCEE25CC049300FA6AF2 /* TestKeys.swift */,
				E538FCF325CC32AD00FA6AF2 /* GuestsPageViewTests.swift */,
				E57078D425D6CB4C00EE5CFE /* GuestListViewTest.swift */,
				E543E15425E13086009C95D0 /* CloudVisionApiTest.swift */,
			);
			path = guestBookTests;
			sourceTree = "<group>";
		};
		E59D9F0E254848F4000F7C45 /* guestBookUITests */ = {
			isa = PBXGroup;
			children = (
				E59D9F0F254848F4000F7C45 /* guestBookUITests.swift */,
				E59D9F11254848F4000F7C45 /* Info.plist */,
			);
			path = guestBookUITests;
			sourceTree = "<group>";
		};
		E59D9F2F25484DC4000F7C45 /* Extensions */ = {
			isa = PBXGroup;
			children = (
				E59D9F3025484DE4000F7C45 /* Anchor.swift */,
				E573F42925504A2B0000C955 /* NSObject.swift */,
				E5AE163E25B2CC7F00DBAE33 /* Canvas.swift */,
				E5296E8E26330DB90038646A /* UIView.swift */,
				E5A672DE263AF74D00F81300 /* UIImage.swift */,
			);
			path = Extensions;
			sourceTree = "<group>";
		};
		E5A672D8263AF18500F81300 /* Images */ = {
			isa = PBXGroup;
			children = (
				E5A672D9263AF1A300F81300 /* setting.png */,
				E5A67314263FC87300F81300 /* menu.png */,
			);
			path = Images;
			sourceTree = "<group>";
		};
		E5A67341263FD86F00F81300 /* SideMenu */ = {
			isa = PBXGroup;
			children = (
				E5A6734826402B0C00F81300 /* SideMenuView.swift */,
				E5377BA52642686100F42DDD /* SideMenuTableViewCell.swift */,
			);
			path = SideMenu;
			sourceTree = "<group>";
		};
/* End PBXGroup section */

/* Begin PBXNativeTarget section */
		E59D9EE9254848F1000F7C45 /* guestBook */ = {
			isa = PBXNativeTarget;
			buildConfigurationList = E59D9F14254848F4000F7C45 /* Build configuration list for PBXNativeTarget "guestBook" */;
			buildPhases = (
				9ED7C6110099E65E46DBCE78 /* [CP] Check Pods Manifest.lock */,
				E59D9EE6254848F1000F7C45 /* Sources */,
				E59D9EE7254848F1000F7C45 /* Frameworks */,
				E59D9EE8254848F1000F7C45 /* Resources */,
				79563DB4729CD5FFBD47944C /* [CP] Embed Pods Frameworks */,
				10A42EA72E82C046A2AC46DB /* [CP] Copy Pods Resources */,
			);
			buildRules = (
			);
			dependencies = (
			);
			name = guestBook;
			productName = guestBook;
			productReference = E59D9EEA254848F1000F7C45 /* guestBook.app */;
			productType = "com.apple.product-type.application";
		};
		E59D9EFF254848F4000F7C45 /* guestBookTests */ = {
			isa = PBXNativeTarget;
			buildConfigurationList = E59D9F17254848F4000F7C45 /* Build configuration list for PBXNativeTarget "guestBookTests" */;
			buildPhases = (
				D46CC80B52335828143CC9D3 /* [CP] Check Pods Manifest.lock */,
				E59D9EFC254848F4000F7C45 /* Sources */,
				E59D9EFD254848F4000F7C45 /* Frameworks */,
				E59D9EFE254848F4000F7C45 /* Resources */,
			);
			buildRules = (
			);
			dependencies = (
				E59D9F02254848F4000F7C45 /* PBXTargetDependency */,
			);
			name = guestBookTests;
			productName = guestBookTests;
			productReference = E59D9F00254848F4000F7C45 /* guestBookTests.xctest */;
			productType = "com.apple.product-type.bundle.unit-test";
		};
		E59D9F0A254848F4000F7C45 /* guestBookUITests */ = {
			isa = PBXNativeTarget;
			buildConfigurationList = E59D9F1A254848F4000F7C45 /* Build configuration list for PBXNativeTarget "guestBookUITests" */;
			buildPhases = (
				B7311C4BC95A5DD454E897EB /* [CP] Check Pods Manifest.lock */,
				E59D9F07254848F4000F7C45 /* Sources */,
				E59D9F08254848F4000F7C45 /* Frameworks */,
				E59D9F09254848F4000F7C45 /* Resources */,
				655AB49813BDF18C9D45813C /* [CP] Embed Pods Frameworks */,
				78D944EA4B107C789FD44F8B /* [CP] Copy Pods Resources */,
			);
			buildRules = (
			);
			dependencies = (
				E59D9F0D254848F4000F7C45 /* PBXTargetDependency */,
			);
			name = guestBookUITests;
			productName = guestBookUITests;
			productReference = E59D9F0B254848F4000F7C45 /* guestBookUITests.xctest */;
			productType = "com.apple.product-type.bundle.ui-testing";
		};
/* End PBXNativeTarget section */

/* Begin PBXProject section */
		E59D9EE2254848F1000F7C45 /* Project object */ = {
			isa = PBXProject;
			attributes = {
				LastSwiftUpdateCheck = 1200;
				LastUpgradeCheck = 1200;
				TargetAttributes = {
					E59D9EE9254848F1000F7C45 = {
						CreatedOnToolsVersion = 12.0.1;
					};
					E59D9EFF254848F4000F7C45 = {
						CreatedOnToolsVersion = 12.0.1;
						TestTargetID = E59D9EE9254848F1000F7C45;
					};
					E59D9F0A254848F4000F7C45 = {
						CreatedOnToolsVersion = 12.0.1;
						TestTargetID = E59D9EE9254848F1000F7C45;
					};
				};
			};
			buildConfigurationList = E59D9EE5254848F1000F7C45 /* Build configuration list for PBXProject "guestBook" */;
			compatibilityVersion = "Xcode 9.3";
			developmentRegion = en;
			hasScannedForEncodings = 0;
			knownRegions = (
				en,
				Base,
			);
			mainGroup = E59D9EE1254848F1000F7C45;
			productRefGroup = E59D9EEB254848F1000F7C45 /* Products */;
			projectDirPath = "";
			projectRoot = "";
			targets = (
				E59D9EE9254848F1000F7C45 /* guestBook */,
				E59D9EFF254848F4000F7C45 /* guestBookTests */,
				E59D9F0A254848F4000F7C45 /* guestBookUITests */,
			);
		};
/* End PBXProject section */

/* Begin PBXResourcesBuildPhase section */
		E59D9EE8254848F1000F7C45 /* Resources */ = {
			isa = PBXResourcesBuildPhase;
			buildActionMask = 2147483647;
			files = (
				E5A672DA263AF1A300F81300 /* setting.png in Resources */,
				E5A67315263FC87300F81300 /* menu.png in Resources */,
				E59D9EFA254848F3000F7C45 /* LaunchScreen.storyboard in Resources */,
				E59D9EF7254848F3000F7C45 /* Assets.xcassets in Resources */,
				E51FC57125C80169002F965E /* GoogleService-Info.plist in Resources */,
			);
			runOnlyForDeploymentPostprocessing = 0;
		};
		E59D9EFE254848F4000F7C45 /* Resources */ = {
			isa = PBXResourcesBuildPhase;
			buildActionMask = 2147483647;
			files = (
			);
			runOnlyForDeploymentPostprocessing = 0;
		};
		E59D9F09254848F4000F7C45 /* Resources */ = {
			isa = PBXResourcesBuildPhase;
			buildActionMask = 2147483647;
			files = (
			);
			runOnlyForDeploymentPostprocessing = 0;
		};
/* End PBXResourcesBuildPhase section */

/* Begin PBXShellScriptBuildPhase section */
		10A42EA72E82C046A2AC46DB /* [CP] Copy Pods Resources */ = {
			isa = PBXShellScriptBuildPhase;
			buildActionMask = 2147483647;
			files = (
			);
			inputFileListPaths = (
				"${PODS_ROOT}/Target Support Files/Pods-guestBook/Pods-guestBook-resources-${CONFIGURATION}-input-files.xcfilelist",
			);
			name = "[CP] Copy Pods Resources";
			outputFileListPaths = (
				"${PODS_ROOT}/Target Support Files/Pods-guestBook/Pods-guestBook-resources-${CONFIGURATION}-output-files.xcfilelist",
			);
			runOnlyForDeploymentPostprocessing = 0;
			shellPath = /bin/sh;
			shellScript = "\"${PODS_ROOT}/Target Support Files/Pods-guestBook/Pods-guestBook-resources.sh\"\n";
			showEnvVarsInLog = 0;
		};
		655AB49813BDF18C9D45813C /* [CP] Embed Pods Frameworks */ = {
			isa = PBXShellScriptBuildPhase;
			buildActionMask = 2147483647;
			files = (
			);
			inputFileListPaths = (
				"${PODS_ROOT}/Target Support Files/Pods-guestBook-guestBookUITests/Pods-guestBook-guestBookUITests-frameworks-${CONFIGURATION}-input-files.xcfilelist",
			);
			name = "[CP] Embed Pods Frameworks";
			outputFileListPaths = (
				"${PODS_ROOT}/Target Support Files/Pods-guestBook-guestBookUITests/Pods-guestBook-guestBookUITests-frameworks-${CONFIGURATION}-output-files.xcfilelist",
			);
			runOnlyForDeploymentPostprocessing = 0;
			shellPath = /bin/sh;
			shellScript = "\"${PODS_ROOT}/Target Support Files/Pods-guestBook-guestBookUITests/Pods-guestBook-guestBookUITests-frameworks.sh\"\n";
			showEnvVarsInLog = 0;
		};
		78D944EA4B107C789FD44F8B /* [CP] Copy Pods Resources */ = {
			isa = PBXShellScriptBuildPhase;
			buildActionMask = 2147483647;
			files = (
			);
			inputFileListPaths = (
				"${PODS_ROOT}/Target Support Files/Pods-guestBook-guestBookUITests/Pods-guestBook-guestBookUITests-resources-${CONFIGURATION}-input-files.xcfilelist",
			);
			name = "[CP] Copy Pods Resources";
			outputFileListPaths = (
				"${PODS_ROOT}/Target Support Files/Pods-guestBook-guestBookUITests/Pods-guestBook-guestBookUITests-resources-${CONFIGURATION}-output-files.xcfilelist",
			);
			runOnlyForDeploymentPostprocessing = 0;
			shellPath = /bin/sh;
			shellScript = "\"${PODS_ROOT}/Target Support Files/Pods-guestBook-guestBookUITests/Pods-guestBook-guestBookUITests-resources.sh\"\n";
			showEnvVarsInLog = 0;
		};
		79563DB4729CD5FFBD47944C /* [CP] Embed Pods Frameworks */ = {
			isa = PBXShellScriptBuildPhase;
			buildActionMask = 2147483647;
			files = (
			);
			inputFileListPaths = (
				"${PODS_ROOT}/Target Support Files/Pods-guestBook/Pods-guestBook-frameworks-${CONFIGURATION}-input-files.xcfilelist",
			);
			name = "[CP] Embed Pods Frameworks";
			outputFileListPaths = (
				"${PODS_ROOT}/Target Support Files/Pods-guestBook/Pods-guestBook-frameworks-${CONFIGURATION}-output-files.xcfilelist",
			);
			runOnlyForDeploymentPostprocessing = 0;
			shellPath = /bin/sh;
			shellScript = "\"${PODS_ROOT}/Target Support Files/Pods-guestBook/Pods-guestBook-frameworks.sh\"\n";
			showEnvVarsInLog = 0;
		};
		9ED7C6110099E65E46DBCE78 /* [CP] Check Pods Manifest.lock */ = {
			isa = PBXShellScriptBuildPhase;
			buildActionMask = 2147483647;
			files = (
			);
			inputFileListPaths = (
			);
			inputPaths = (
				"${PODS_PODFILE_DIR_PATH}/Podfile.lock",
				"${PODS_ROOT}/Manifest.lock",
			);
			name = "[CP] Check Pods Manifest.lock";
			outputFileListPaths = (
			);
			outputPaths = (
				"$(DERIVED_FILE_DIR)/Pods-guestBook-checkManifestLockResult.txt",
			);
			runOnlyForDeploymentPostprocessing = 0;
			shellPath = /bin/sh;
			shellScript = "diff \"${PODS_PODFILE_DIR_PATH}/Podfile.lock\" \"${PODS_ROOT}/Manifest.lock\" > /dev/null\nif [ $? != 0 ] ; then\n    # print error to STDERR\n    echo \"error: The sandbox is not in sync with the Podfile.lock. Run 'pod install' or update your CocoaPods installation.\" >&2\n    exit 1\nfi\n# This output is used by Xcode 'outputs' to avoid re-running this script phase.\necho \"SUCCESS\" > \"${SCRIPT_OUTPUT_FILE_0}\"\n";
			showEnvVarsInLog = 0;
		};
		B7311C4BC95A5DD454E897EB /* [CP] Check Pods Manifest.lock */ = {
			isa = PBXShellScriptBuildPhase;
			buildActionMask = 2147483647;
			files = (
			);
			inputFileListPaths = (
			);
			inputPaths = (
				"${PODS_PODFILE_DIR_PATH}/Podfile.lock",
				"${PODS_ROOT}/Manifest.lock",
			);
			name = "[CP] Check Pods Manifest.lock";
			outputFileListPaths = (
			);
			outputPaths = (
				"$(DERIVED_FILE_DIR)/Pods-guestBook-guestBookUITests-checkManifestLockResult.txt",
			);
			runOnlyForDeploymentPostprocessing = 0;
			shellPath = /bin/sh;
			shellScript = "diff \"${PODS_PODFILE_DIR_PATH}/Podfile.lock\" \"${PODS_ROOT}/Manifest.lock\" > /dev/null\nif [ $? != 0 ] ; then\n    # print error to STDERR\n    echo \"error: The sandbox is not in sync with the Podfile.lock. Run 'pod install' or update your CocoaPods installation.\" >&2\n    exit 1\nfi\n# This output is used by Xcode 'outputs' to avoid re-running this script phase.\necho \"SUCCESS\" > \"${SCRIPT_OUTPUT_FILE_0}\"\n";
			showEnvVarsInLog = 0;
		};
		D46CC80B52335828143CC9D3 /* [CP] Check Pods Manifest.lock */ = {
			isa = PBXShellScriptBuildPhase;
			buildActionMask = 2147483647;
			files = (
			);
			inputFileListPaths = (
			);
			inputPaths = (
				"${PODS_PODFILE_DIR_PATH}/Podfile.lock",
				"${PODS_ROOT}/Manifest.lock",
			);
			name = "[CP] Check Pods Manifest.lock";
			outputFileListPaths = (
			);
			outputPaths = (
				"$(DERIVED_FILE_DIR)/Pods-guestBookTests-checkManifestLockResult.txt",
			);
			runOnlyForDeploymentPostprocessing = 0;
			shellPath = /bin/sh;
			shellScript = "diff \"${PODS_PODFILE_DIR_PATH}/Podfile.lock\" \"${PODS_ROOT}/Manifest.lock\" > /dev/null\nif [ $? != 0 ] ; then\n    # print error to STDERR\n    echo \"error: The sandbox is not in sync with the Podfile.lock. Run 'pod install' or update your CocoaPods installation.\" >&2\n    exit 1\nfi\n# This output is used by Xcode 'outputs' to avoid re-running this script phase.\necho \"SUCCESS\" > \"${SCRIPT_OUTPUT_FILE_0}\"\n";
			showEnvVarsInLog = 0;
		};
/* End PBXShellScriptBuildPhase section */

/* Begin PBXSourcesBuildPhase section */
		E59D9EE6254848F1000F7C45 /* Sources */ = {
			isa = PBXSourcesBuildPhase;
			buildActionMask = 2147483647;
			files = (
				E59D9EF2254848F1000F7C45 /* EventListViewController.swift in Sources */,
				E52C618E25E7C8F8000A12C9 /* AnalizeHandWrite.swift in Sources */,
				C52C25F1255B7DCA0037825B /* Guest.swift in Sources */,
				E5296E8F26330DB90038646A /* UIView.swift in Sources */,
				E5A6734926402B0C00F81300 /* SideMenuView.swift in Sources */,
				E53B69FC25F504B90089102E /* Group.swift in Sources */,
				E570A8CA25A5F8A1003C41BE /* GuestNameView.swift in Sources */,
				E5A672DF263AF74D00F81300 /* UIImage.swift in Sources */,
				E5A6733D263FCE6200F81300 /* SideMenuViewController.swift in Sources */,
				E5377BB52642BC2D00F42DDD /* TermsOfUseViewController.swift in Sources */,
				E5A660562619A549000C43C7 /* GuestDetailTableView.swift in Sources */,
				E52B1E4126020AEB0016E985 /* GuestsDetailPageViewController.swift in Sources */,
				E5B3C9122552B27400509757 /* GuestsPageViewController.swift in Sources */,
				E57384D025A74ADF00AFA4B5 /* CardTitleView.swift in Sources */,
				E5AFCC8A25AF04AF00E5274A /* AddressView.swift in Sources */,
				E573F425255047330000C955 /* EventNameCell.swift in Sources */,
				E5377BA62642686100F42DDD /* SideMenuTableViewCell.swift in Sources */,
				E52B1E4D260215D60016E985 /* TextCell.swift in Sources */,
				E59D9EEE254848F1000F7C45 /* AppDelegate.swift in Sources */,
				E52AE904263508380001F372 /* EventInfoAreaView.swift in Sources */,
				E577604925737D0600DD2F81 /* SettingViewController.swift in Sources */,
				E524B66E25C6EA6400497CD4 /* GuestListHeaderCell.swift in Sources */,
				E5B5ADAD25B3C7D9002E9384 /* GroupListView.swift in Sources */,
				E586221625C1810400291182 /* Retual.swift in Sources */,
				C52C25EC255B7BCF0037825B /* GuestViewController.swift in Sources */,
				E5B5ADBD25B3CCA3002E9384 /* SelectRelationView.swift in Sources */,
				E5B3C9322552BA9D00509757 /* EventMenuViewController.swift in Sources */,
				E52B1E5226021F800016E985 /* GuestEditViewController.swift in Sources */,
				E52C618925E7C6B4000A12C9 /* SelectGuests.swift in Sources */,
				E573F42A25504A2B0000C955 /* NSObject.swift in Sources */,
				E5AE163F25B2CC7F00DBAE33 /* Canvas.swift in Sources */,
				E51FC58525C8081E002F965E /* GuestListTableView.swift in Sources */,
				E57444E125694EAE001D4774 /* GuestCell.swift in Sources */,
				E5AE164425B2D3EF00DBAE33 /* DescriptionView.swift in Sources */,
				E5377BAB2642999700F42DDD /* SideMenuPresentationController.swift in Sources */,
				E53B69F725F4FEB40089102E /* Relation.swift in Sources */,
				E59D9F3125484DE4000F7C45 /* Anchor.swift in Sources */,
				E57384D525A74E9100AFA4B5 /* CompanyNameView.swift in Sources */,
				C565EBA725711C36005E61AD /* RetualCollectionView.swift in Sources */,
				E5B5ADB825B3C8B0002E9384 /* RelationCollectionView.swift in Sources */,
				E546E2CC262C1CA70088157D /* CsvList.swift in Sources */,
				E540761126075162007A9F28 /* HeadlineAndTextFieldView.swift in Sources */,
				E586221125C17DA100291182 /* Constants.swift in Sources */,
				E57078C025D68FB800EE5CFE /* Keys.swift in Sources */,
				E5377BB0264299C900F42DDD /* PrivacyPolicyViewController.swift in Sources */,
				E524B66325C6E3CE00497CD4 /* GuestControllAreaView.swift in Sources */,
				E5B06534257C6D870010916C /* GuestDetailViewController.swift in Sources */,
				E577B75A256BECA4007E6BFC /* LogInViewController.swift in Sources */,
				E52F6642260A0A4900D83DC8 /* Common.swift in Sources */,
				E59D9EF0254848F1000F7C45 /* SceneDelegate.swift in Sources */,
				E5CB0E7225721A3E0087193F /* CheckBoxCell.swift in Sources */,
				E5B5ADB325B3C885002E9384 /* GroupCollectionView.swift in Sources */,
				E57384C525A7173F00AFA4B5 /* CardHeaderView.swift in Sources */,
				E573F420254FD5630000C955 /* Event.swift in Sources */,
				E57444DC25694D2E001D4774 /* GuestListViewController.swift in Sources */,
				E5767DAC26036A5F004F80B0 /* GuestDetailViewCell.swift in Sources */,
				E5B5ADC225B47289002E9384 /* SelectGroupView.swift in Sources */,
			);
			runOnlyForDeploymentPostprocessing = 0;
		};
		E59D9EFC254848F4000F7C45 /* Sources */ = {
			isa = PBXSourcesBuildPhase;
			buildActionMask = 2147483647;
			files = (
				E52A061725CAE48B007669CB /* EventListTests.swift in Sources */,
				E538FCEF25CC049300FA6AF2 /* TestKeys.swift in Sources */,
				E538FCEA25CC006900FA6AF2 /* EventMenuTests.swift in Sources */,
				E57078D525D6CB4C00EE5CFE /* GuestListViewTest.swift in Sources */,
				E59D9F05254848F4000F7C45 /* guestBookTests.swift in Sources */,
				E543E15525E13086009C95D0 /* CloudVisionApiTest.swift in Sources */,
				E538FCF425CC32AD00FA6AF2 /* GuestsPageViewTests.swift in Sources */,
			);
			runOnlyForDeploymentPostprocessing = 0;
		};
		E59D9F07254848F4000F7C45 /* Sources */ = {
			isa = PBXSourcesBuildPhase;
			buildActionMask = 2147483647;
			files = (
				E59D9F10254848F4000F7C45 /* guestBookUITests.swift in Sources */,
			);
			runOnlyForDeploymentPostprocessing = 0;
		};
/* End PBXSourcesBuildPhase section */

/* Begin PBXTargetDependency section */
		E59D9F02254848F4000F7C45 /* PBXTargetDependency */ = {
			isa = PBXTargetDependency;
			target = E59D9EE9254848F1000F7C45 /* guestBook */;
			targetProxy = E59D9F01254848F4000F7C45 /* PBXContainerItemProxy */;
		};
		E59D9F0D254848F4000F7C45 /* PBXTargetDependency */ = {
			isa = PBXTargetDependency;
			target = E59D9EE9254848F1000F7C45 /* guestBook */;
			targetProxy = E59D9F0C254848F4000F7C45 /* PBXContainerItemProxy */;
		};
/* End PBXTargetDependency section */

/* Begin PBXVariantGroup section */
		E59D9EF8254848F3000F7C45 /* LaunchScreen.storyboard */ = {
			isa = PBXVariantGroup;
			children = (
				E59D9EF9254848F3000F7C45 /* Base */,
			);
			name = LaunchScreen.storyboard;
			sourceTree = "<group>";
		};
/* End PBXVariantGroup section */

/* Begin XCBuildConfiguration section */
		E59D9F12254848F4000F7C45 /* Debug */ = {
			isa = XCBuildConfiguration;
			buildSettings = {
				ALWAYS_SEARCH_USER_PATHS = NO;
				CLANG_ANALYZER_NONNULL = YES;
				CLANG_ANALYZER_NUMBER_OBJECT_CONVERSION = YES_AGGRESSIVE;
				CLANG_CXX_LANGUAGE_STANDARD = "gnu++14";
				CLANG_CXX_LIBRARY = "libc++";
				CLANG_ENABLE_MODULES = YES;
				CLANG_ENABLE_OBJC_ARC = YES;
				CLANG_ENABLE_OBJC_WEAK = YES;
				CLANG_WARN_BLOCK_CAPTURE_AUTORELEASING = YES;
				CLANG_WARN_BOOL_CONVERSION = YES;
				CLANG_WARN_COMMA = YES;
				CLANG_WARN_CONSTANT_CONVERSION = YES;
				CLANG_WARN_DEPRECATED_OBJC_IMPLEMENTATIONS = YES;
				CLANG_WARN_DIRECT_OBJC_ISA_USAGE = YES_ERROR;
				CLANG_WARN_DOCUMENTATION_COMMENTS = YES;
				CLANG_WARN_EMPTY_BODY = YES;
				CLANG_WARN_ENUM_CONVERSION = YES;
				CLANG_WARN_INFINITE_RECURSION = YES;
				CLANG_WARN_INT_CONVERSION = YES;
				CLANG_WARN_NON_LITERAL_NULL_CONVERSION = YES;
				CLANG_WARN_OBJC_IMPLICIT_RETAIN_SELF = YES;
				CLANG_WARN_OBJC_LITERAL_CONVERSION = YES;
				CLANG_WARN_OBJC_ROOT_CLASS = YES_ERROR;
				CLANG_WARN_QUOTED_INCLUDE_IN_FRAMEWORK_HEADER = YES;
				CLANG_WARN_RANGE_LOOP_ANALYSIS = YES;
				CLANG_WARN_STRICT_PROTOTYPES = YES;
				CLANG_WARN_SUSPICIOUS_MOVE = YES;
				CLANG_WARN_UNGUARDED_AVAILABILITY = YES_AGGRESSIVE;
				CLANG_WARN_UNREACHABLE_CODE = YES;
				CLANG_WARN__DUPLICATE_METHOD_MATCH = YES;
				COPY_PHASE_STRIP = NO;
				DEBUG_INFORMATION_FORMAT = dwarf;
				ENABLE_STRICT_OBJC_MSGSEND = YES;
				ENABLE_TESTABILITY = YES;
				GCC_C_LANGUAGE_STANDARD = gnu11;
				GCC_DYNAMIC_NO_PIC = NO;
				GCC_NO_COMMON_BLOCKS = YES;
				GCC_OPTIMIZATION_LEVEL = 0;
				GCC_PREPROCESSOR_DEFINITIONS = (
					"DEBUG=1",
					"$(inherited)",
				);
				GCC_WARN_64_TO_32_BIT_CONVERSION = YES;
				GCC_WARN_ABOUT_RETURN_TYPE = YES_ERROR;
				GCC_WARN_UNDECLARED_SELECTOR = YES;
				GCC_WARN_UNINITIALIZED_AUTOS = YES_AGGRESSIVE;
				GCC_WARN_UNUSED_FUNCTION = YES;
				GCC_WARN_UNUSED_VARIABLE = YES;
				IPHONEOS_DEPLOYMENT_TARGET = 14.0;
				MTL_ENABLE_DEBUG_INFO = INCLUDE_SOURCE;
				MTL_FAST_MATH = YES;
				ONLY_ACTIVE_ARCH = YES;
				SDKROOT = iphoneos;
				SWIFT_ACTIVE_COMPILATION_CONDITIONS = DEBUG;
				SWIFT_OPTIMIZATION_LEVEL = "-Onone";
			};
			name = Debug;
		};
		E59D9F13254848F4000F7C45 /* Release */ = {
			isa = XCBuildConfiguration;
			buildSettings = {
				ALWAYS_SEARCH_USER_PATHS = NO;
				CLANG_ANALYZER_NONNULL = YES;
				CLANG_ANALYZER_NUMBER_OBJECT_CONVERSION = YES_AGGRESSIVE;
				CLANG_CXX_LANGUAGE_STANDARD = "gnu++14";
				CLANG_CXX_LIBRARY = "libc++";
				CLANG_ENABLE_MODULES = YES;
				CLANG_ENABLE_OBJC_ARC = YES;
				CLANG_ENABLE_OBJC_WEAK = YES;
				CLANG_WARN_BLOCK_CAPTURE_AUTORELEASING = YES;
				CLANG_WARN_BOOL_CONVERSION = YES;
				CLANG_WARN_COMMA = YES;
				CLANG_WARN_CONSTANT_CONVERSION = YES;
				CLANG_WARN_DEPRECATED_OBJC_IMPLEMENTATIONS = YES;
				CLANG_WARN_DIRECT_OBJC_ISA_USAGE = YES_ERROR;
				CLANG_WARN_DOCUMENTATION_COMMENTS = YES;
				CLANG_WARN_EMPTY_BODY = YES;
				CLANG_WARN_ENUM_CONVERSION = YES;
				CLANG_WARN_INFINITE_RECURSION = YES;
				CLANG_WARN_INT_CONVERSION = YES;
				CLANG_WARN_NON_LITERAL_NULL_CONVERSION = YES;
				CLANG_WARN_OBJC_IMPLICIT_RETAIN_SELF = YES;
				CLANG_WARN_OBJC_LITERAL_CONVERSION = YES;
				CLANG_WARN_OBJC_ROOT_CLASS = YES_ERROR;
				CLANG_WARN_QUOTED_INCLUDE_IN_FRAMEWORK_HEADER = YES;
				CLANG_WARN_RANGE_LOOP_ANALYSIS = YES;
				CLANG_WARN_STRICT_PROTOTYPES = YES;
				CLANG_WARN_SUSPICIOUS_MOVE = YES;
				CLANG_WARN_UNGUARDED_AVAILABILITY = YES_AGGRESSIVE;
				CLANG_WARN_UNREACHABLE_CODE = YES;
				CLANG_WARN__DUPLICATE_METHOD_MATCH = YES;
				COPY_PHASE_STRIP = NO;
				DEBUG_INFORMATION_FORMAT = "dwarf-with-dsym";
				ENABLE_NS_ASSERTIONS = NO;
				ENABLE_STRICT_OBJC_MSGSEND = YES;
				GCC_C_LANGUAGE_STANDARD = gnu11;
				GCC_NO_COMMON_BLOCKS = YES;
				GCC_WARN_64_TO_32_BIT_CONVERSION = YES;
				GCC_WARN_ABOUT_RETURN_TYPE = YES_ERROR;
				GCC_WARN_UNDECLARED_SELECTOR = YES;
				GCC_WARN_UNINITIALIZED_AUTOS = YES_AGGRESSIVE;
				GCC_WARN_UNUSED_FUNCTION = YES;
				GCC_WARN_UNUSED_VARIABLE = YES;
				IPHONEOS_DEPLOYMENT_TARGET = 14.0;
				MTL_ENABLE_DEBUG_INFO = NO;
				MTL_FAST_MATH = YES;
				SDKROOT = iphoneos;
				SWIFT_COMPILATION_MODE = wholemodule;
				SWIFT_OPTIMIZATION_LEVEL = "-O";
				VALIDATE_PRODUCT = YES;
			};
			name = Release;
		};
		E59D9F15254848F4000F7C45 /* Debug */ = {
			isa = XCBuildConfiguration;
			baseConfigurationReference = DCC3CACB06962AB4CBD1771A /* Pods-guestBook.debug.xcconfig */;
			buildSettings = {
				ASSETCATALOG_COMPILER_APPICON_NAME = AppIcon;
				ASSETCATALOG_COMPILER_GLOBAL_ACCENT_COLOR_NAME = AccentColor;
				CODE_SIGN_ENTITLEMENTS = guestBook/guestBook.entitlements;
				CODE_SIGN_IDENTITY = "Apple Development";
				CODE_SIGN_STYLE = Automatic;
				DEVELOPMENT_TEAM = 3FKHKT7W58;
				INFOPLIST_FILE = guestBook/Info.plist;
				IPHONEOS_DEPLOYMENT_TARGET = 14.0;
				LD_RUNPATH_SEARCH_PATHS = (
					"$(inherited)",
					"@executable_path/Frameworks",
				);
				PRODUCT_BUNDLE_IDENTIFIER = com.tomohiro.guestBook;
				PRODUCT_NAME = "$(TARGET_NAME)";
				SWIFT_VERSION = 5.0;
				TARGETED_DEVICE_FAMILY = 2;
			};
			name = Debug;
		};
		E59D9F16254848F4000F7C45 /* Release */ = {
			isa = XCBuildConfiguration;
			baseConfigurationReference = 7A8FB2802E9F95C5E1D62104 /* Pods-guestBook.release.xcconfig */;
			buildSettings = {
				ASSETCATALOG_COMPILER_APPICON_NAME = AppIcon;
				ASSETCATALOG_COMPILER_GLOBAL_ACCENT_COLOR_NAME = AccentColor;
				CODE_SIGN_ENTITLEMENTS = guestBook/guestBook.entitlements;
				CODE_SIGN_IDENTITY = "Apple Development";
				CODE_SIGN_STYLE = Automatic;
				DEVELOPMENT_TEAM = 3FKHKT7W58;
				INFOPLIST_FILE = guestBook/Info.plist;
				IPHONEOS_DEPLOYMENT_TARGET = 14.0;
				LD_RUNPATH_SEARCH_PATHS = (
					"$(inherited)",
					"@executable_path/Frameworks",
				);
				PRODUCT_BUNDLE_IDENTIFIER = com.tomohiro.guestBook;
				PRODUCT_NAME = "$(TARGET_NAME)";
				SWIFT_VERSION = 5.0;
				TARGETED_DEVICE_FAMILY = 2;
			};
			name = Release;
		};
		E59D9F18254848F4000F7C45 /* Debug */ = {
			isa = XCBuildConfiguration;
			baseConfigurationReference = 22C9AC4E3F955C234D8E70AC /* Pods-guestBookTests.debug.xcconfig */;
			buildSettings = {
				ALWAYS_EMBED_SWIFT_STANDARD_LIBRARIES = YES;
				BUNDLE_LOADER = "$(TEST_HOST)";
				CODE_SIGN_STYLE = Automatic;
				DEVELOPMENT_TEAM = 3FKHKT7W58;
				INFOPLIST_FILE = guestBookTests/Info.plist;
				IPHONEOS_DEPLOYMENT_TARGET = 14.0;
				LD_RUNPATH_SEARCH_PATHS = (
					"$(inherited)",
					"@executable_path/Frameworks",
					"@loader_path/Frameworks",
				);
				PRODUCT_BUNDLE_IDENTIFIER = com.tomohiro.guestBookTests;
				PRODUCT_NAME = "$(TARGET_NAME)";
				SWIFT_VERSION = 5.0;
				TARGETED_DEVICE_FAMILY = "1,2";
				TEST_HOST = "$(BUILT_PRODUCTS_DIR)/guestBook.app/guestBook";
			};
			name = Debug;
		};
		E59D9F19254848F4000F7C45 /* Release */ = {
			isa = XCBuildConfiguration;
			baseConfigurationReference = 2B9F29C477249DB5D7AF52E0 /* Pods-guestBookTests.release.xcconfig */;
			buildSettings = {
				ALWAYS_EMBED_SWIFT_STANDARD_LIBRARIES = YES;
				BUNDLE_LOADER = "$(TEST_HOST)";
				CODE_SIGN_STYLE = Automatic;
				DEVELOPMENT_TEAM = 3FKHKT7W58;
				INFOPLIST_FILE = guestBookTests/Info.plist;
				IPHONEOS_DEPLOYMENT_TARGET = 14.0;
				LD_RUNPATH_SEARCH_PATHS = (
					"$(inherited)",
					"@executable_path/Frameworks",
					"@loader_path/Frameworks",
				);
				PRODUCT_BUNDLE_IDENTIFIER = com.tomohiro.guestBookTests;
				PRODUCT_NAME = "$(TARGET_NAME)";
				SWIFT_VERSION = 5.0;
				TARGETED_DEVICE_FAMILY = "1,2";
				TEST_HOST = "$(BUILT_PRODUCTS_DIR)/guestBook.app/guestBook";
			};
			name = Release;
		};
		E59D9F1B254848F4000F7C45 /* Debug */ = {
			isa = XCBuildConfiguration;
			baseConfigurationReference = 7B459FC541B8A667CDE17CA8 /* Pods-guestBook-guestBookUITests.debug.xcconfig */;
			buildSettings = {
				ALWAYS_EMBED_SWIFT_STANDARD_LIBRARIES = YES;
				CODE_SIGN_STYLE = Automatic;
				DEVELOPMENT_TEAM = 3FKHKT7W58;
				INFOPLIST_FILE = guestBookUITests/Info.plist;
				LD_RUNPATH_SEARCH_PATHS = (
					"$(inherited)",
					"@executable_path/Frameworks",
					"@loader_path/Frameworks",
				);
				PRODUCT_BUNDLE_IDENTIFIER = com.tomohiro.guestBookUITests;
				PRODUCT_NAME = "$(TARGET_NAME)";
				SWIFT_VERSION = 5.0;
				TARGETED_DEVICE_FAMILY = "1,2";
				TEST_TARGET_NAME = guestBook;
			};
			name = Debug;
		};
		E59D9F1C254848F4000F7C45 /* Release */ = {
			isa = XCBuildConfiguration;
			baseConfigurationReference = DFDF1D7CBCA4692B2C07A5A7 /* Pods-guestBook-guestBookUITests.release.xcconfig */;
			buildSettings = {
				ALWAYS_EMBED_SWIFT_STANDARD_LIBRARIES = YES;
				CODE_SIGN_STYLE = Automatic;
				DEVELOPMENT_TEAM = 3FKHKT7W58;
				INFOPLIST_FILE = guestBookUITests/Info.plist;
				LD_RUNPATH_SEARCH_PATHS = (
					"$(inherited)",
					"@executable_path/Frameworks",
					"@loader_path/Frameworks",
				);
				PRODUCT_BUNDLE_IDENTIFIER = com.tomohiro.guestBookUITests;
				PRODUCT_NAME = "$(TARGET_NAME)";
				SWIFT_VERSION = 5.0;
				TARGETED_DEVICE_FAMILY = "1,2";
				TEST_TARGET_NAME = guestBook;
			};
			name = Release;
		};
/* End XCBuildConfiguration section */

/* Begin XCConfigurationList section */
		E59D9EE5254848F1000F7C45 /* Build configuration list for PBXProject "guestBook" */ = {
			isa = XCConfigurationList;
			buildConfigurations = (
				E59D9F12254848F4000F7C45 /* Debug */,
				E59D9F13254848F4000F7C45 /* Release */,
			);
			defaultConfigurationIsVisible = 0;
			defaultConfigurationName = Release;
		};
		E59D9F14254848F4000F7C45 /* Build configuration list for PBXNativeTarget "guestBook" */ = {
			isa = XCConfigurationList;
			buildConfigurations = (
				E59D9F15254848F4000F7C45 /* Debug */,
				E59D9F16254848F4000F7C45 /* Release */,
			);
			defaultConfigurationIsVisible = 0;
			defaultConfigurationName = Release;
		};
		E59D9F17254848F4000F7C45 /* Build configuration list for PBXNativeTarget "guestBookTests" */ = {
			isa = XCConfigurationList;
			buildConfigurations = (
				E59D9F18254848F4000F7C45 /* Debug */,
				E59D9F19254848F4000F7C45 /* Release */,
			);
			defaultConfigurationIsVisible = 0;
			defaultConfigurationName = Release;
		};
		E59D9F1A254848F4000F7C45 /* Build configuration list for PBXNativeTarget "guestBookUITests" */ = {
			isa = XCConfigurationList;
			buildConfigurations = (
				E59D9F1B254848F4000F7C45 /* Debug */,
				E59D9F1C254848F4000F7C45 /* Release */,
			);
			defaultConfigurationIsVisible = 0;
			defaultConfigurationName = Release;
		};
/* End XCConfigurationList section */
	};
	rootObject = E59D9EE2254848F1000F7C45 /* Project object */;
}
